
Microsoft Visual Studio Solution File, Format Version 12.00
# Visual Studio Version 17
VisualStudioVersion = 17.14.36414.22 d17.14
MinimumVisualStudioVersion = 10.0.40219.1
Project("{FAE04EC0-301F-11D3-BF4B-00C04F79EFBC}") = "ABCRetailers", "ABCRetailers.csproj", "{AF99DC1C-892E-4812-9067-7C3952672166}"
EndProject
Global
	GlobalSection(SolutionConfigurationPlatforms) = preSolution
		Debug|Any CPU = Debug|Any CPU
		Release|Any CPU = Release|Any CPU
	EndGlobalSection
	GlobalSection(ProjectConfigurationPlatforms) = postSolution
		{AF99DC1C-892E-4812-9067-7C3952672166}.Debug|Any CPU.ActiveCfg = Debug|Any CPU
		{AF99DC1C-892E-4812-9067-7C3952672166}.Debug|Any CPU.Build.0 = Debug|Any CPU
		{AF99DC1C-892E-4812-9067-7C3952672166}.Release|Any CPU.ActiveCfg = Release|Any CPU
		{AF99DC1C-892E-4812-9067-7C3952672166}.Release|Any CPU.Build.0 = Release|Any CPU
	EndGlobalSection
	GlobalSection(SolutionProperties) = preSolution
		HideSolutionNode = FALSE
	EndGlobalSection
	GlobalSection(ExtensibilityGlobals) = postSolution
		SolutionGuid = {C7AC3BDB-F0CE-4206-839E-F3C06B2F72B3}
	EndGlobalSection
EndGlobal
